
Microsoft Visual Studio Solution File, Format Version 12.00
# Visual Studio Version 16
VisualStudioVersion = 16.0.31702.278
MinimumVisualStudioVersion = 10.0.40219.1
Project("{FAE04EC0-301F-11D3-BF4B-00C04F79EFBC}") = "JustDo", "JustDo\JustDo.csproj", "{1C878561-E703-4863-9309-168B6452D279}"
EndProject
Global
	GlobalSection(SolutionConfigurationPlatforms) = preSolution
		Debug|Any CPU = Debug|Any CPU
		Release|Any CPU = Release|Any CPU
	EndGlobalSection
	GlobalSection(ProjectConfigurationPlatforms) = postSolution
		{1C878561-E703-4863-9309-168B6452D279}.Debug|Any CPU.ActiveCfg = Debug|Any CPU
		{1C878561-E703-4863-9309-168B6452D279}.Debug|Any CPU.Build.0 = Debug|Any CPU
		{1C878561-E703-4863-9309-168B6452D279}.Release|Any CPU.ActiveCfg = Release|Any CPU
		{1C878561-E703-4863-9309-168B6452D279}.Release|Any CPU.Build.0 = Release|Any CPU
	EndGlobalSection
	GlobalSection(SolutionProperties) = preSolution
		HideSolutionNode = FALSE
	EndGlobalSection
	GlobalSection(ExtensibilityGlobals) = postSolution
		SolutionGuid = {8D062288-A423-4FA5-86E2-0EB6675FD6E2}
	EndGlobalSection
EndGlobal
